{
  "name": "imagemapper",
  "version": "1.0.0",
  "lockfileVersion": 2,
  "requires": true,
  "packages": {
    "": {
      "version": "1.0.0",
      "license": "MIT",
      "dependencies": {
        "@xstate/fsm": "^1.6.1",
        "xstate": "^4.23.3"
      },
      "engines": {
        "node": "^12.20.0 || ^14.13.1 || >=16.0.0"
      }
    },
    "node_modules/@xstate/fsm": {
      "version": "1.6.1",
      "resolved": "https://registry.npmjs.org/@xstate/fsm/-/fsm-1.6.1.tgz",
      "integrity": "sha512-xYKDNuPR36/fUK+jmhM+oauBmbdUAfuJKnDjg3/7NbN+Pj03TX7e94LXnzkwGgAR+U/HWoMqM5UPTuGIYfIx9g=="
    },
    "node_modules/xstate": {
      "version": "4.23.3",
      "resolved": "https://registry.npmjs.org/xstate/-/xstate-4.23.3.tgz",
      "integrity": "sha512-Djw9CJ5gpivFe6wGNsSFs8Ya5awG2hxbDHxBjqQrysl3LiOr+uULExs11eqTi8IIw9WWE2lbiJMbWRONCvj1Yg==",
      "funding": {
        "type": "opencollective",
        "url": "https://opencollective.com/xstate"
      }
    }
  },
  "dependencies": {
    "@xstate/fsm": {
      "version": "1.6.1",
      "resolved": "https://registry.npmjs.org/@xstate/fsm/-/fsm-1.6.1.tgz",
      "integrity": "sha512-xYKDNuPR36/fUK+jmhM+oauBmbdUAfuJKnDjg3/7NbN+Pj03TX7e94LXnzkwGgAR+U/HWoMqM5UPTuGIYfIx9g=="
    },
    "xstate": {
      "version": "4.23.3",
      "resolved": "https://registry.npmjs.org/xstate/-/xstate-4.23.3.tgz",
      "integrity": "sha512-Djw9CJ5gpivFe6wGNsSFs8Ya5awG2hxbDHxBjqQrysl3LiOr+uULExs11eqTi8IIw9WWE2lbiJMbWRONCvj1Yg=="
    }
  }
}
